{
    "_readme": [
        "This file locks the dependencies of your project to a known state",
        "Read more about it at https://getcomposer.org/doc/01-basic-usage.md#installing-dependencies",
        "This file is @generated automatically"
    ],
    "content-hash": "3df06b35d1e1da451c1a808bf3263c51",
    "packages": [
        {
            "name": "che/demo-lib",
            "version": "dev-master",
            "source": {
                "type": "git",
                "url": "https://github.com/che-framework/demo-lib.git",
                "reference": "d2dbc5ca44f1c0613a9f15ac2a5de4ecc75c14e1"
            },
            "dist": {
                "type": "zip",
                "url": "https://api.github.com/repos/che-framework/demo-lib/zipball/d2dbc5ca44f1c0613a9f15ac2a5de4ecc75c14e1",
                "reference": "d2dbc5ca44f1c0613a9f15ac2a5de4ecc75c14e1",
                "shasum": ""
            },
            "require": {
                "php": ">=5.6"
            },
            "type": "library",
            "autoload": {
                "psr-4": {
                    "Flower\\Rose\\": "src/Flower/Rose",
                    "Flower\\Lily\\": "src/Flower/Lily"
                }
            },
            "notification-url": "http://packagist.che.com/downloads/",
            "license": [
                "MIT"
            ],
            "authors": [
                {
                    "name": "che",
                    "email": "reg@che.com"
                }
            ],
            "description": "a demo composer library",
            "time": "2018-07-22T11:47:40+00:00"
        },
        {
            "name": "monolog/monolog",
            "version": "1.0.2",
            "source": {
                "type": "git",
                "url": "https://github.com/Seldaek/monolog.git",
                "reference": "b704c49a3051536f67f2d39f13568f74615b9922"
            },
            "dist": {
                "type": "zip",
                "url": "https://api.github.com/repos/Seldaek/monolog/zipball/b704c49a3051536f67f2d39f13568f74615b9922",
                "reference": "b704c49a3051536f67f2d39f13568f74615b9922",
                "shasum": ""
            },
            "require": {
                "php": ">=5.3.0"
            },
            "type": "library",
            "autoload": {
                "psr-0": {
                    "Monolog": "src/"
                }
            },
            "notification-url": "https://packagist.org/downloads/",
            "license": [
                "MIT"
            ],
            "authors": [
                {
                    "name": "Jordi Boggiano",
                    "email": "j.boggiano@seld.be",
                    "homepage": "http://seld.be",
                    "role": "Developer"
                }
            ],
            "description": "Logging for PHP 5.3",
            "homepage": "http://github.com/Seldaek/monolog",
            "keywords": [
                "log",
                "logging"
            ],
            "time": "2011-10-24T09:39:02+00:00"
        }
    ],
    "packages-dev": [],
    "aliases": [],
    "minimum-stability": "dev",
    "stability-flags": {
        "che/demo-lib": 20
    },
    "prefer-stable": false,
    "prefer-lowest": false,
    "platform": {
        "php": ">=5.4.0"
    },
    "platform-dev": []
}
